# This file may be used to create an environment using:
# $ conda create --name <env> --file <this file>
# platform: osx-arm64
# created-by: conda 26.1.1
@EXPLICIT
https://conda.anaconda.org/conda-forge/osx-arm64/age-1.3.1-h820172f_1.conda
https://conda.anaconda.org/conda-forge/osx-arm64/bzip2-1.0.8-hd037594_9.conda
https://conda.anaconda.org/conda-forge/osx-arm64/c-ares-1.34.8-h84a0fba_0.conda
https://conda.anaconda.org/conda-forge/noarch/ca-certificates-2026.6.17-hbd8a1cb_0.conda
https://conda.anaconda.org/conda-forge/osx-arm64/dav1d-1.2.1-hb547adb_0.conda
https://conda.anaconda.org/conda-forge/noarch/font-ttf-dejavu-sans-mono-2.37-hab24e00_0.tar.bz2
https://conda.anaconda.org/conda-forge/noarch/font-ttf-inconsolata-3.000-h77eed37_0.tar.bz2
https://conda.anaconda.org/conda-forge/noarch/font-ttf-source-code-pro-2.038-h77eed37_0.tar.bz2
https://conda.anaconda.org/conda-forge/noarch/font-ttf-ubuntu-0.83-h77eed37_3.conda
https://conda.anaconda.org/conda-forge/osx-arm64/fribidi-1.0.16-hc919400_0.conda
https://conda.anaconda.org/conda-forge/osx-arm64/icu-78.3-hef89b57_0.conda
https://conda.anaconda.org/conda-forge/osx-arm64/lame-3.100-h1a8c8d9_1003.tar.bz2
https://conda.anaconda.org/conda-forge/osx-arm64/libbrotlicommon-1.2.0-hc919400_1.conda
https://conda.anaconda.org/conda-forge/osx-arm64/libcxx-22.1.8-h55c6f16_0.conda
https://conda.anaconda.org/conda-forge/osx-arm64/libdeflate-1.25-hc11a715_0.conda
https://conda.anaconda.org/conda-forge/osx-arm64/libev-4.33-h93a5062_2.conda
https://conda.anaconda.org/conda-forge/osx-arm64/libexpat-2.8.1-hf6b4638_1.conda
https://conda.anaconda.org/conda-forge/osx-arm64/libffi-3.5.2-hcf2aa1b_0.conda
https://conda.anaconda.org/conda-forge/osx-arm64/libiconv-1.18-h23cfdf5_2.conda
https://conda.anaconda.org/conda-forge/osx-arm64/libjpeg-turbo-3.2.0-h84a0fba_0.conda
https://conda.anaconda.org/conda-forge/osx-arm64/liblzma-5.8.3-h8088a28_0.conda
https://conda.anaconda.org/conda-forge/osx-arm64/libogg-1.3.5-h48c0fde_1.conda
https://conda.anaconda.org/conda-forge/osx-arm64/libopus-1.6.1-h1a92334_0.conda
https://conda.anaconda.org/conda-forge/osx-arm64/libusb-1.0.29-hbc156a2_0.conda
https://conda.anaconda.org/conda-forge/osx-arm64/libuv-1.52.1-h1a92334_0.conda
https://conda.anaconda.org/conda-forge/osx-arm64/libwebp-base-1.6.0-h07db88b_0.conda
https://conda.anaconda.org/conda-forge/osx-arm64/libzlib-1.3.2-h8088a28_2.conda
https://conda.anaconda.org/conda-forge/osx-arm64/ncurses-6.6-h1d4f5a5_0.conda
https://conda.anaconda.org/conda-forge/osx-arm64/oniguruma-6.9.10-h5505292_0.conda
https://conda.anaconda.org/conda-forge/noarch/tzdata-2025c-hc9c84f9_1.conda
https://conda.anaconda.org/conda-forge/osx-arm64/x264-1!164.3095-h57fd34a_2.tar.bz2
https://conda.anaconda.org/conda-forge/osx-arm64/aom-3.9.1-h7bae524_0.conda
https://conda.anaconda.org/conda-forge/noarch/fonts-conda-forge-1-hc364b38_1.conda
https://conda.anaconda.org/conda-forge/osx-arm64/gmp-6.3.0-h7bae524_2.conda
https://conda.anaconda.org/conda-forge/osx-arm64/graphite2-1.3.15-hf6b4638_0.conda
https://conda.anaconda.org/conda-forge/osx-arm64/jq-1.8.2-h1a92334_0.conda
https://conda.anaconda.org/conda-forge/osx-arm64/lerc-4.1.0-h1eee2c3_0.conda
https://conda.anaconda.org/conda-forge/osx-arm64/libabseil-20250512.1-cxx17_hd41c47c_0.conda
https://conda.anaconda.org/conda-forge/osx-arm64/libbrotlidec-1.2.0-hc919400_1.conda
https://conda.anaconda.org/conda-forge/osx-arm64/libbrotlienc-1.2.0-hc919400_1.conda
https://conda.anaconda.org/conda-forge/osx-arm64/libintl-0.25.1-h493aca8_0.conda
https://conda.anaconda.org/conda-forge/osx-arm64/libpng-1.6.58-h132b30e_0.conda
https://conda.anaconda.org/conda-forge/osx-arm64/libsqlite-3.53.3-h1b79a29_0.conda
https://conda.anaconda.org/conda-forge/osx-arm64/libvorbis-1.3.7-h81086ad_2.conda
https://conda.anaconda.org/conda-forge/osx-arm64/libvpx-1.14.1-h7bae524_0.conda
https://conda.anaconda.org/conda-forge/osx-arm64/libvulkan-loader-1.4.341.0-h3feff0a_0.conda
https://conda.anaconda.org/conda-forge/osx-arm64/libxml2-16-2.15.3-h5ef1a60_0.conda
https://conda.anaconda.org/conda-forge/osx-arm64/openh264-2.6.0-hdf0efb5_1.conda
https://conda.anaconda.org/conda-forge/osx-arm64/openssl-3.6.3-hd24854e_0.conda
https://conda.anaconda.org/conda-forge/osx-arm64/pcre2-10.47-h30297fc_0.conda
https://conda.anaconda.org/conda-forge/osx-arm64/pixman-0.46.4-h81086ad_1.conda
https://conda.anaconda.org/conda-forge/osx-arm64/pugixml-1.15-hd3d436d_0.conda
https://conda.anaconda.org/conda-forge/osx-arm64/readline-8.3-h46df422_0.conda
https://conda.anaconda.org/conda-forge/osx-arm64/snappy-1.2.2-hada39a4_1.conda
https://conda.anaconda.org/conda-forge/osx-arm64/svt-av1-3.1.2-h12ba402_0.conda
https://conda.anaconda.org/conda-forge/osx-arm64/tk-8.6.13-h010d191_3.conda
https://conda.anaconda.org/conda-forge/osx-arm64/x265-3.5-hbc6ce65_3.tar.bz2
https://conda.anaconda.org/conda-forge/osx-arm64/zstd-1.5.7-hbf9d68e_6.conda
https://conda.anaconda.org/conda-forge/noarch/fonts-conda-ecosystem-1-0.tar.bz2
https://conda.anaconda.org/conda-forge/osx-arm64/libfreetype6-2.14.3-hdfa99f5_1.conda
https://conda.anaconda.org/conda-forge/osx-arm64/libglib-2.88.2-ha08bb59_0.conda
https://conda.anaconda.org/conda-forge/osx-arm64/libnghttp2-1.68.1-h8f3e76b_0.conda
https://conda.anaconda.org/conda-forge/osx-arm64/libprotobuf-6.31.1-h29102cf_5.conda
https://conda.anaconda.org/conda-forge/osx-arm64/libtiff-4.7.2-h282da08_0.conda
https://conda.anaconda.org/conda-forge/osx-arm64/libxml2-2.15.3-h5654f7c_0.conda
https://conda.anaconda.org/conda-forge/osx-arm64/python-3.12.13-h8561d8f_0_cpython.conda
https://conda.anaconda.org/conda-forge/osx-arm64/shellcheck-0.11.0-hecfb573_1.conda
https://conda.anaconda.org/conda-forge/osx-arm64/dbus-1.16.2-h3ff7a7c_1.conda
https://conda.anaconda.org/conda-forge/osx-arm64/gdk-pixbuf-2.44.7-h4e57454_0.conda
https://conda.anaconda.org/conda-forge/osx-arm64/libfreetype-2.14.3-hce30654_1.conda
https://conda.anaconda.org/conda-forge/osx-arm64/libhwloc-2.13.0-default_ha97f43a_1000.conda
https://conda.anaconda.org/conda-forge/osx-arm64/nodejs-24.18.0-h654b19f_0.conda
https://conda.anaconda.org/conda-forge/noarch/packaging-26.2-pyhc364b38_0.conda
https://conda.anaconda.org/conda-forge/noarch/setuptools-83.0.0-pyh332efcf_0.conda
https://conda.anaconda.org/conda-forge/osx-arm64/fontconfig-2.18.1-h2b252f5_0.conda
https://conda.anaconda.org/conda-forge/osx-arm64/freetype-2.14.3-hce30654_1.conda
https://conda.anaconda.org/conda-forge/osx-arm64/pnpm-10.33.2-h7c87c79_1.conda
https://conda.anaconda.org/conda-forge/osx-arm64/sdl3-3.4.12-h6fa9c73_0.conda
https://conda.anaconda.org/conda-forge/osx-arm64/tbb-2023.0.0-he0260a5_2.conda
https://conda.anaconda.org/conda-forge/noarch/wheel-0.47.0-pyhd8ed1ab_0.conda
https://conda.anaconda.org/conda-forge/osx-arm64/cairo-1.18.4-he0f2337_1.conda
https://conda.anaconda.org/conda-forge/osx-arm64/libopenvino-2025.2.0-h56e7ac4_1.conda
https://conda.anaconda.org/conda-forge/noarch/pip-26.1.2-pyh8b19718_0.conda
https://conda.anaconda.org/conda-forge/osx-arm64/sdl2-2.32.56-h784d473_0.conda
https://conda.anaconda.org/conda-forge/osx-arm64/libharfbuzz-14.2.1-h5a65909_1.conda
https://conda.anaconda.org/conda-forge/osx-arm64/libopenvino-arm-cpu-plugin-2025.2.0-h56e7ac4_1.conda
https://conda.anaconda.org/conda-forge/osx-arm64/libopenvino-auto-batch-plugin-2025.2.0-he81eb65_1.conda
https://conda.anaconda.org/conda-forge/osx-arm64/libopenvino-auto-plugin-2025.2.0-he81eb65_1.conda
https://conda.anaconda.org/conda-forge/osx-arm64/libopenvino-hetero-plugin-2025.2.0-h273c05f_1.conda
https://conda.anaconda.org/conda-forge/osx-arm64/libopenvino-ir-frontend-2025.2.0-h273c05f_1.conda
https://conda.anaconda.org/conda-forge/osx-arm64/libopenvino-onnx-frontend-2025.2.0-h6386500_1.conda
https://conda.anaconda.org/conda-forge/osx-arm64/libopenvino-paddle-frontend-2025.2.0-h6386500_1.conda
https://conda.anaconda.org/conda-forge/osx-arm64/libopenvino-pytorch-frontend-2025.2.0-hec049ff_1.conda
https://conda.anaconda.org/conda-forge/osx-arm64/libopenvino-tensorflow-frontend-2025.2.0-hee62d61_1.conda
https://conda.anaconda.org/conda-forge/osx-arm64/libopenvino-tensorflow-lite-frontend-2025.2.0-hec049ff_1.conda
https://conda.anaconda.org/conda-forge/osx-arm64/libharfbuzz-devel-14.2.1-h5a65909_1.conda
https://conda.anaconda.org/conda-forge/osx-arm64/harfbuzz-14.2.1-hce30654_1.conda
https://conda.anaconda.org/conda-forge/osx-arm64/libass-0.17.4-hcbd7ca7_0.conda
https://conda.anaconda.org/conda-forge/osx-arm64/pango-1.56.4-hf80efc4_1.conda
https://conda.anaconda.org/conda-forge/osx-arm64/librsvg-2.62.3-he8aa2a2_0.conda
https://conda.anaconda.org/conda-forge/osx-arm64/ffmpeg-7.1.1-gpl_h670d5b4_111.conda
